{
	"name": "@open-cc-examples/stasis-app",
	"version": "0.0.0",
	"lockfileVersion": 1,
	"requires": true,
	"dependencies": {
		"@types/ari-client": {
			"version": "2.2.1",
			"resolved": "https://registry.npmjs.org/@types/ari-client/-/ari-client-2.2.1.tgz",
			"integrity": "sha512-OwMeiPvJV/f1YDwJ4uV7C4jPbhn4BD7kDDP+PR3uLrD3pJMNUEmUyNolQRr4n8qGOzlGyirQS8RrkzpWkFTw1g==",
			"requires": {
				"@types/node": "*"
			},
			"dependencies": {
				"@types/node": {
					"version": "13.13.5",
					"resolved": "https://registry.npmjs.org/@types/node/-/node-13.13.5.tgz",
					"integrity": "sha512-3ySmiBYJPqgjiHA7oEaIo2Rzz0HrOZ7yrNO5HWyaE5q0lQ3BppDZ3N53Miz8bw2I7gh1/zir2MGVZBvpb1zq9g=="
				}
			}
		}
	}
}
